// !$*UTF8*$!
{
	archiveVersion = 1;
	classes = {
	};
	objectVersion = 46;
	objects = {

/* Begin PBXBuildFile section */
		DB0B485B1DEF51F500B76652 /* Capital.swift in Sources */ = {isa = PBXBuildFile; fileRef = DB0B485A1DEF51F500B76652 /* Capital.swift */; };
		DB0B485D1DEF522D00B76652 /* Operation.swift in Sources */ = {isa = PBXBuildFile; fileRef = DB0B485C1DEF522D00B76652 /* Operation.swift */; };
		DB17C6531E2C7303001B451B /* DetailMessageViewContr.swift in Sources */ = {isa = PBXBuildFile; fileRef = DB17C6521E2C7303001B451B /* DetailMessageViewContr.swift */; };
		DB2515881D831C6400B286F7 /* Model.xcdatamodeld in Sources */ = {isa = PBXBuildFile; fileRef = DB2515861D831C6400B286F7 /* Model.xcdatamodeld */; };
		DB2515971D83226800B286F7 /* User+CoreDataProperties.swift in Sources */ = {isa = PBXBuildFile; fileRef = DB2515951D83226800B286F7 /* User+CoreDataProperties.swift */; };
		DB2515981D83226800B286F7 /* User.swift in Sources */ = {isa = PBXBuildFile; fileRef = DB2515961D83226800B286F7 /* User.swift */; };
		DB3003D81E5BC764002D0124 /* Card.swift in Sources */ = {isa = PBXBuildFile; fileRef = DB3003D61E5BC764002D0124 /* Card.swift */; };
		DB3003D91E5BC764002D0124 /* TypeCard.swift in Sources */ = {isa = PBXBuildFile; fileRef = DB3003D71E5BC764002D0124 /* TypeCard.swift */; };
		DB3003DB1E5BC7AA002D0124 /* CustomPin.swift in Sources */ = {isa = PBXBuildFile; fileRef = DB3003DA1E5BC7AA002D0124 /* CustomPin.swift */; };
		DB3003E61E5BC820002D0124 /* CardTableViewController.swift in Sources */ = {isa = PBXBuildFile; fileRef = DB3003DD1E5BC820002D0124 /* CardTableViewController.swift */; };
		DB3003E71E5BC820002D0124 /* ChangePwdTableViewContr.swift in Sources */ = {isa = PBXBuildFile; fileRef = DB3003DE1E5BC820002D0124 /* ChangePwdTableViewContr.swift */; };
		DB3003E81E5BC820002D0124 /* ListCardViewController.swift in Sources */ = {isa = PBXBuildFile; fileRef = DB3003DF1E5BC820002D0124 /* ListCardViewController.swift */; };
		DB3003E91E5BC820002D0124 /* ListTypeCBTableViewCrtl.swift in Sources */ = {isa = PBXBuildFile; fileRef = DB3003E01E5BC820002D0124 /* ListTypeCBTableViewCrtl.swift */; };
		DB3003EA1E5BC820002D0124 /* LoginTableViewController.swift in Sources */ = {isa = PBXBuildFile; fileRef = DB3003E11E5BC820002D0124 /* LoginTableViewController.swift */; };
		DB3003EB1E5BC820002D0124 /* MyProfilTableViewContr.swift in Sources */ = {isa = PBXBuildFile; fileRef = DB3003E21E5BC820002D0124 /* MyProfilTableViewContr.swift */; };
		DB3003EC1E5BC820002D0124 /* NewUserTableViewContr.swift in Sources */ = {isa = PBXBuildFile; fileRef = DB3003E31E5BC820002D0124 /* NewUserTableViewContr.swift */; };
		DB3003ED1E5BC820002D0124 /* ProductTableViewContr.swift in Sources */ = {isa = PBXBuildFile; fileRef = DB3003E41E5BC820002D0124 /* ProductTableViewContr.swift */; };
		DB385C8B1DE5D99D00AD95FF /* Message.swift in Sources */ = {isa = PBXBuildFile; fileRef = DB385C8A1DE5D99D00AD95FF /* Message.swift */; };
		DB5EFA361CE0FB870065ECEB /* BlackBox.swift in Sources */ = {isa = PBXBuildFile; fileRef = DB5EFA351CE0FB870065ECEB /* BlackBox.swift */; };
		DB5FFA0A1DECA0B6003BCA55 /* SubscriptViewController.swift in Sources */ = {isa = PBXBuildFile; fileRef = DB5FFA091DECA0B6003BCA55 /* SubscriptViewController.swift */; };
		DB64B97F1E06880C00013628 /* CommunRequest.swift in Sources */ = {isa = PBXBuildFile; fileRef = DB64B97E1E06880C00013628 /* CommunRequest.swift */; };
		DB68C3631CF1486D009C936F /* SettingsTableViewContr.swift in Sources */ = {isa = PBXBuildFile; fileRef = DB68C3621CF1486D009C936F /* SettingsTableViewContr.swift */; };
		DB6BDF2F1DE46F24007EAFA3 /* CreateTransViewController.swift in Sources */ = {isa = PBXBuildFile; fileRef = DB6BDF2E1DE46F24007EAFA3 /* CreateTransViewController.swift */; };
		DB879CED1DF76BEC00B05D5F /* Transaction.swift in Sources */ = {isa = PBXBuildFile; fileRef = DB879CEC1DF76BEC00B05D5F /* Transaction.swift */; };
		DB9BADB41E44EA6200BE7D76 /* ParamTable.swift in Sources */ = {isa = PBXBuildFile; fileRef = DB9BADB31E44EA6200BE7D76 /* ParamTable.swift */; };
		DBA03CD81CECB31800B76896 /* Product.swift in Sources */ = {isa = PBXBuildFile; fileRef = DBA03CD71CECB31800B76896 /* Product.swift */; };
		DBA3C5341CE5141900CD826D /* MapViewController.swift in Sources */ = {isa = PBXBuildFile; fileRef = DBA3C5301CE5141800CD826D /* MapViewController.swift */; };
		DBA3C5351CE5141900CD826D /* ListProductViewController.swift in Sources */ = {isa = PBXBuildFile; fileRef = DBA3C5311CE5141800CD826D /* ListProductViewController.swift */; };
		DBB4221B1DF8A70D00CB3F5E /* TranslateMessage.plist in Resources */ = {isa = PBXBuildFile; fileRef = DBB4221A1DF8A70D00CB3F5E /* TranslateMessage.plist */; };
		DBB4221D1DF8A76600CB3F5E /* TranslateMessage.swift in Sources */ = {isa = PBXBuildFile; fileRef = DBB4221C1DF8A76600CB3F5E /* TranslateMessage.swift */; };
		DBBBDAE41DE8C2D9000B5E9E /* BadgeLabel.swift in Sources */ = {isa = PBXBuildFile; fileRef = DBBBDAE31DE8C2D9000B5E9E /* BadgeLabel.swift */; };
		DBC585F01E29B9830032A33B /* Config.swift in Sources */ = {isa = PBXBuildFile; fileRef = DBC585EF1E29B9830032A33B /* Config.swift */; };
		DBCFFAEF1E32E6DD00CF73D8 /* CustomCell.swift in Sources */ = {isa = PBXBuildFile; fileRef = DBCFFAEE1E32E6DD00CF73D8 /* CustomCell.swift */; };
		DBEDBDB31DC2A0C600EECF0F /* Bolts.framework in Frameworks */ = {isa = PBXBuildFile; fileRef = DBEDBDAF1DC2A0C600EECF0F /* Bolts.framework */; };
		DBEDBDB41DC2A0C600EECF0F /* FBSDKCoreKit.framework in Frameworks */ = {isa = PBXBuildFile; fileRef = DBEDBDB01DC2A0C600EECF0F /* FBSDKCoreKit.framework */; };
		DBEDBDB51DC2A0C600EECF0F /* FBSDKLoginKit.framework in Frameworks */ = {isa = PBXBuildFile; fileRef = DBEDBDB11DC2A0C600EECF0F /* FBSDKLoginKit.framework */; };
		DBEDBDB61DC2A0C600EECF0F /* FBSDKShareKit.framework in Frameworks */ = {isa = PBXBuildFile; fileRef = DBEDBDB21DC2A0C600EECF0F /* FBSDKShareKit.framework */; };
		DBF7B3841E1EE71200024DA6 /* Commission.swift in Sources */ = {isa = PBXBuildFile; fileRef = DBF7B3831E1EE71200024DA6 /* Commission.swift */; };
		DBF7CE161DF6064600966F29 /* ListTransactTablViewContr.swift in Sources */ = {isa = PBXBuildFile; fileRef = DBF7CE151DF6064600966F29 /* ListTransactTablViewContr.swift */; };
		DBF7CE181DF72DBD00966F29 /* DetailTransViewController.swift in Sources */ = {isa = PBXBuildFile; fileRef = DBF7CE171DF72DBD00966F29 /* DetailTransViewController.swift */; };
		DBF8D80D1CB99E9D00BF706E /* AppDelegate.swift in Sources */ = {isa = PBXBuildFile; fileRef = DBF8D80C1CB99E9D00BF706E /* AppDelegate.swift */; };
		DBF8D8121CB99E9D00BF706E /* Main.storyboard in Resources */ = {isa = PBXBuildFile; fileRef = DBF8D8101CB99E9D00BF706E /* Main.storyboard */; };
		DBF8D8141CB99E9D00BF706E /* Assets.xcassets in Resources */ = {isa = PBXBuildFile; fileRef = DBF8D8131CB99E9D00BF706E /* Assets.xcassets */; };
/* End PBXBuildFile section */

/* Begin PBXCopyFilesBuildPhase section */
		DBA3C53F1CE519C300CD826D /* Embed Frameworks */ = {
			isa = PBXCopyFilesBuildPhase;
			buildActionMask = 2147483647;
			dstPath = "";
			dstSubfolderSpec = 10;
			files = (
			);
			name = "Embed Frameworks";
			runOnlyForDeploymentPostprocessing = 0;
		};
/* End PBXCopyFilesBuildPhase section */

/* Begin PBXFileReference section */
		DB0B485A1DEF51F500B76652 /* Capital.swift */ = {isa = PBXFileReference; fileEncoding = 4; lastKnownFileType = sourcecode.swift; path = Capital.swift; sourceTree = "<group>"; };
		DB0B485C1DEF522D00B76652 /* Operation.swift */ = {isa = PBXFileReference; fileEncoding = 4; lastKnownFileType = sourcecode.swift; path = Operation.swift; sourceTree = "<group>"; };
		DB17C6521E2C7303001B451B /* DetailMessageViewContr.swift */ = {isa = PBXFileReference; fileEncoding = 4; lastKnownFileType = sourcecode.swift; path = DetailMessageViewContr.swift; sourceTree = "<group>"; };
		DB2515871D831C6400B286F7 /* Model.xcdatamodel */ = {isa = PBXFileReference; lastKnownFileType = wrapper.xcdatamodel; path = Model.xcdatamodel; sourceTree = "<group>"; };
		DB2515951D83226800B286F7 /* User+CoreDataProperties.swift */ = {isa = PBXFileReference; fileEncoding = 4; lastKnownFileType = sourcecode.swift; path = "User+CoreDataProperties.swift"; sourceTree = "<group>"; };
		DB2515961D83226800B286F7 /* User.swift */ = {isa = PBXFileReference; fileEncoding = 4; lastKnownFileType = sourcecode.swift; path = User.swift; sourceTree = "<group>"; };
		DB3003D61E5BC764002D0124 /* Card.swift */ = {isa = PBXFileReference; fileEncoding = 4; lastKnownFileType = sourcecode.swift; path = Card.swift; sourceTree = "<group>"; };
		DB3003D71E5BC764002D0124 /* TypeCard.swift */ = {isa = PBXFileReference; fileEncoding = 4; lastKnownFileType = sourcecode.swift; path = TypeCard.swift; sourceTree = "<group>"; };
		DB3003DA1E5BC7AA002D0124 /* CustomPin.swift */ = {isa = PBXFileReference; fileEncoding = 4; lastKnownFileType = sourcecode.swift; path = CustomPin.swift; sourceTree = "<group>"; };
		DB3003DD1E5BC820002D0124 /* CardTableViewController.swift */ = {isa = PBXFileReference; fileEncoding = 4; lastKnownFileType = sourcecode.swift; path = CardTableViewController.swift; sourceTree = "<group>"; };
		DB3003DE1E5BC820002D0124 /* ChangePwdTableViewContr.swift */ = {isa = PBXFileReference; fileEncoding = 4; lastKnownFileType = sourcecode.swift; path = ChangePwdTableViewContr.swift; sourceTree = "<group>"; };
		DB3003DF1E5BC820002D0124 /* ListCardViewController.swift */ = {isa = PBXFileReference; fileEncoding = 4; lastKnownFileType = sourcecode.swift; path = ListCardViewController.swift; sourceTree = "<group>"; };
		DB3003E01E5BC820002D0124 /* ListTypeCBTableViewCrtl.swift */ = {isa = PBXFileReference; fileEncoding = 4; lastKnownFileType = sourcecode.swift; path = ListTypeCBTableViewCrtl.swift; sourceTree = "<group>"; };
		DB3003E11E5BC820002D0124 /* LoginTableViewController.swift */ = {isa = PBXFileReference; fileEncoding = 4; lastKnownFileType = sourcecode.swift; path = LoginTableViewController.swift; sourceTree = "<group>"; };
		DB3003E21E5BC820002D0124 /* MyProfilTableViewContr.swift */ = {isa = PBXFileReference; fileEncoding = 4; lastKnownFileType = sourcecode.swift; path = MyProfilTableViewContr.swift; sourceTree = "<group>"; };
		DB3003E31E5BC820002D0124 /* NewUserTableViewContr.swift */ = {isa = PBXFileReference; fileEncoding = 4; lastKnownFileType = sourcecode.swift; path = NewUserTableViewContr.swift; sourceTree = "<group>"; };
		DB3003E41E5BC820002D0124 /* ProductTableViewContr.swift */ = {isa = PBXFileReference; fileEncoding = 4; lastKnownFileType = sourcecode.swift; path = ProductTableViewContr.swift; sourceTree = "<group>"; };
		DB385C8A1DE5D99D00AD95FF /* Message.swift */ = {isa = PBXFileReference; fileEncoding = 4; lastKnownFileType = sourcecode.swift; path = Message.swift; sourceTree = "<group>"; };
		DB5EFA351CE0FB870065ECEB /* BlackBox.swift */ = {isa = PBXFileReference; fileEncoding = 4; lastKnownFileType = sourcecode.swift; path = BlackBox.swift; sourceTree = "<group>"; };
		DB5FFA091DECA0B6003BCA55 /* SubscriptViewController.swift */ = {isa = PBXFileReference; fileEncoding = 4; lastKnownFileType = sourcecode.swift; path = SubscriptViewController.swift; sourceTree = "<group>"; };
		DB64B97E1E06880C00013628 /* CommunRequest.swift */ = {isa = PBXFileReference; fileEncoding = 4; lastKnownFileType = sourcecode.swift; path = CommunRequest.swift; sourceTree = "<group>"; };
		DB68C3621CF1486D009C936F /* SettingsTableViewContr.swift */ = {isa = PBXFileReference; fileEncoding = 4; lastKnownFileType = sourcecode.swift; path = SettingsTableViewContr.swift; sourceTree = "<group>"; };
		DB6BDF2E1DE46F24007EAFA3 /* CreateTransViewController.swift */ = {isa = PBXFileReference; fileEncoding = 4; lastKnownFileType = sourcecode.swift; path = CreateTransViewController.swift; sourceTree = "<group>"; };
		DB879CEC1DF76BEC00B05D5F /* Transaction.swift */ = {isa = PBXFileReference; fileEncoding = 4; lastKnownFileType = sourcecode.swift; path = Transaction.swift; sourceTree = "<group>"; };
		DB9BADB31E44EA6200BE7D76 /* ParamTable.swift */ = {isa = PBXFileReference; fileEncoding = 4; lastKnownFileType = sourcecode.swift; path = ParamTable.swift; sourceTree = "<group>"; };
		DBA03CD71CECB31800B76896 /* Product.swift */ = {isa = PBXFileReference; fileEncoding = 4; lastKnownFileType = sourcecode.swift; path = Product.swift; sourceTree = "<group>"; };
		DBA3C5301CE5141800CD826D /* MapViewController.swift */ = {isa = PBXFileReference; fileEncoding = 4; lastKnownFileType = sourcecode.swift; path = MapViewController.swift; sourceTree = "<group>"; };
		DBA3C5311CE5141800CD826D /* ListProductViewController.swift */ = {isa = PBXFileReference; fileEncoding = 4; lastKnownFileType = sourcecode.swift; path = ListProductViewController.swift; sourceTree = "<group>"; };
		DBA3C5411CE51A1B00CD826D /* Bridging-Header.h */ = {isa = PBXFileReference; fileEncoding = 4; lastKnownFileType = sourcecode.c.h; path = "Bridging-Header.h"; sourceTree = "<group>"; };
		DBB4221A1DF8A70D00CB3F5E /* TranslateMessage.plist */ = {isa = PBXFileReference; fileEncoding = 4; lastKnownFileType = text.plist.xml; path = TranslateMessage.plist; sourceTree = "<group>"; };
		DBB4221C1DF8A76600CB3F5E /* TranslateMessage.swift */ = {isa = PBXFileReference; fileEncoding = 4; lastKnownFileType = sourcecode.swift; path = TranslateMessage.swift; sourceTree = "<group>"; };
		DBBBDAE31DE8C2D9000B5E9E /* BadgeLabel.swift */ = {isa = PBXFileReference; fileEncoding = 4; lastKnownFileType = sourcecode.swift; path = BadgeLabel.swift; sourceTree = "<group>"; };
		DBC585EF1E29B9830032A33B /* Config.swift */ = {isa = PBXFileReference; fileEncoding = 4; lastKnownFileType = sourcecode.swift; path = Config.swift; sourceTree = "<group>"; };
		DBCFFAEE1E32E6DD00CF73D8 /* CustomCell.swift */ = {isa = PBXFileReference; fileEncoding = 4; lastKnownFileType = sourcecode.swift; path = CustomCell.swift; sourceTree = "<group>"; };
		DBEDBD9E1DC284FF00EECF0F /* PressShare.entitlements */ = {isa = PBXFileReference; lastKnownFileType = text.plist.entitlements; path = PressShare.entitlements; sourceTree = "<group>"; };
		DBEDBDAF1DC2A0C600EECF0F /* Bolts.framework */ = {isa = PBXFileReference; lastKnownFileType = wrapper.framework; name = Bolts.framework; path = PressShare/Bolts.framework; sourceTree = "<group>"; };
		DBEDBDB01DC2A0C600EECF0F /* FBSDKCoreKit.framework */ = {isa = PBXFileReference; lastKnownFileType = wrapper.framework; name = FBSDKCoreKit.framework; path = PressShare/FBSDKCoreKit.framework; sourceTree = "<group>"; };
		DBEDBDB11DC2A0C600EECF0F /* FBSDKLoginKit.framework */ = {isa = PBXFileReference; lastKnownFileType = wrapper.framework; name = FBSDKLoginKit.framework; path = PressShare/FBSDKLoginKit.framework; sourceTree = "<group>"; };
		DBEDBDB21DC2A0C600EECF0F /* FBSDKShareKit.framework */ = {isa = PBXFileReference; lastKnownFileType = wrapper.framework; name = FBSDKShareKit.framework; path = PressShare/FBSDKShareKit.framework; sourceTree = "<group>"; };
		DBF7B3831E1EE71200024DA6 /* Commission.swift */ = {isa = PBXFileReference; fileEncoding = 4; lastKnownFileType = sourcecode.swift; path = Commission.swift; sourceTree = "<group>"; };
		DBF7CE151DF6064600966F29 /* ListTransactTablViewContr.swift */ = {isa = PBXFileReference; fileEncoding = 4; lastKnownFileType = sourcecode.swift; path = ListTransactTablViewContr.swift; sourceTree = "<group>"; };
		DBF7CE171DF72DBD00966F29 /* DetailTransViewController.swift */ = {isa = PBXFileReference; fileEncoding = 4; lastKnownFileType = sourcecode.swift; path = DetailTransViewController.swift; sourceTree = "<group>"; };
		DBF8D8091CB99E9C00BF706E /* PressShare.app */ = {isa = PBXFileReference; explicitFileType = wrapper.application; includeInIndex = 0; path = PressShare.app; sourceTree = BUILT_PRODUCTS_DIR; };
		DBF8D80C1CB99E9D00BF706E /* AppDelegate.swift */ = {isa = PBXFileReference; lastKnownFileType = sourcecode.swift; path = AppDelegate.swift; sourceTree = "<group>"; };
		DBF8D8111CB99E9D00BF706E /* Base */ = {isa = PBXFileReference; lastKnownFileType = file.storyboard; name = Base; path = Base.lproj/Main.storyboard; sourceTree = "<group>"; };
		DBF8D8131CB99E9D00BF706E /* Assets.xcassets */ = {isa = PBXFileReference; lastKnownFileType = folder.assetcatalog; path = Assets.xcassets; sourceTree = "<group>"; };
		DBF8D8181CB99E9D00BF706E /* Info.plist */ = {isa = PBXFileReference; lastKnownFileType = text.plist.xml; path = Info.plist; sourceTree = "<group>"; };
/* End PBXFileReference section */

/* Begin PBXFrameworksBuildPhase section */
		DBF8D8061CB99E9C00BF706E /* Frameworks */ = {
			isa = PBXFrameworksBuildPhase;
			buildActionMask = 2147483647;
			files = (
				DBEDBDB61DC2A0C600EECF0F /* FBSDKShareKit.framework in Frameworks */,
				DBEDBDB31DC2A0C600EECF0F /* Bolts.framework in Frameworks */,
				DBEDBDB41DC2A0C600EECF0F /* FBSDKCoreKit.framework in Frameworks */,
				DBEDBDB51DC2A0C600EECF0F /* FBSDKLoginKit.framework in Frameworks */,
			);
			runOnlyForDeploymentPostprocessing = 0;
		};
/* End PBXFrameworksBuildPhase section */

/* Begin PBXGroup section */
		DB0FAD7D1E3AC7360042C78E /* Ressources */ = {
			isa = PBXGroup;
			children = (
				DBF8D8101CB99E9D00BF706E /* Main.storyboard */,
				DB2515861D831C6400B286F7 /* Model.xcdatamodeld */,
				DBB4221A1DF8A70D00CB3F5E /* TranslateMessage.plist */,
				DBF8D8181CB99E9D00BF706E /* Info.plist */,
				DBF8D8131CB99E9D00BF706E /* Assets.xcassets */,
			);
			name = Ressources;
			sourceTree = "<group>";
		};
		DB5EFA371CE39AC80065ECEB /* Model */ = {
			isa = PBXGroup;
			children = (
				DB9BADB31E44EA6200BE7D76 /* ParamTable.swift */,
				DB3003D61E5BC764002D0124 /* Card.swift */,
				DB3003D71E5BC764002D0124 /* TypeCard.swift */,
				DBB4221C1DF8A76600CB3F5E /* TranslateMessage.swift */,
				DB64B97E1E06880C00013628 /* CommunRequest.swift */,
				DB2515951D83226800B286F7 /* User+CoreDataProperties.swift */,
				DB2515961D83226800B286F7 /* User.swift */,
				DBC585EF1E29B9830032A33B /* Config.swift */,
				DB879CEC1DF76BEC00B05D5F /* Transaction.swift */,
				DBA03CD71CECB31800B76896 /* Product.swift */,
				DB385C8A1DE5D99D00AD95FF /* Message.swift */,
				DBF7B3831E1EE71200024DA6 /* Commission.swift */,
				DB0B485A1DEF51F500B76652 /* Capital.swift */,
				DB0B485C1DEF522D00B76652 /* Operation.swift */,
			);
			name = Model;
			sourceTree = "<group>";
		};
		DB5EFA3B1CE39AFB0065ECEB /* View */ = {
			isa = PBXGroup;
			children = (
				DBBBDAE31DE8C2D9000B5E9E /* BadgeLabel.swift */,
				DB3003DA1E5BC7AA002D0124 /* CustomPin.swift */,
				DBCFFAEE1E32E6DD00CF73D8 /* CustomCell.swift */,
			);
			name = View;
			sourceTree = "<group>";
		};
		DB5EFA3C1CE39B010065ECEB /* Controller */ = {
			isa = PBXGroup;
			children = (
				DB17C6521E2C7303001B451B /* DetailMessageViewContr.swift */,
				DB5FFA091DECA0B6003BCA55 /* SubscriptViewController.swift */,
				DBF7CE171DF72DBD00966F29 /* DetailTransViewController.swift */,
				DBF7CE151DF6064600966F29 /* ListTransactTablViewContr.swift */,
				DB6BDF2E1DE46F24007EAFA3 /* CreateTransViewController.swift */,
				DBA3C5311CE5141800CD826D /* ListProductViewController.swift */,
				DBA3C5301CE5141800CD826D /* MapViewController.swift */,
				DB3003DD1E5BC820002D0124 /* CardTableViewController.swift */,
				DB3003DE1E5BC820002D0124 /* ChangePwdTableViewContr.swift */,
				DB3003DF1E5BC820002D0124 /* ListCardViewController.swift */,
				DB3003E01E5BC820002D0124 /* ListTypeCBTableViewCrtl.swift */,
				DB3003E11E5BC820002D0124 /* LoginTableViewController.swift */,
				DB3003E21E5BC820002D0124 /* MyProfilTableViewContr.swift */,
				DB3003E31E5BC820002D0124 /* NewUserTableViewContr.swift */,
				DB3003E41E5BC820002D0124 /* ProductTableViewContr.swift */,
				DB68C3621CF1486D009C936F /* SettingsTableViewContr.swift */,
			);
			name = Controller;
			sourceTree = "<group>";
		};
		DB5EFA3D1CE39B520065ECEB /* Delegate */ = {
			isa = PBXGroup;
			children = (
				DBF8D80C1CB99E9D00BF706E /* AppDelegate.swift */,
				DBA3C5411CE51A1B00CD826D /* Bridging-Header.h */,
				DB5EFA351CE0FB870065ECEB /* BlackBox.swift */,
			);
			name = Delegate;
			sourceTree = "<group>";
		};
		DBA3C5401CE519EA00CD826D /* Framework */ = {
			isa = PBXGroup;
			children = (
				DBEDBDAF1DC2A0C600EECF0F /* Bolts.framework */,
				DBEDBDB01DC2A0C600EECF0F /* FBSDKCoreKit.framework */,
				DBEDBDB11DC2A0C600EECF0F /* FBSDKLoginKit.framework */,
				DBEDBDB21DC2A0C600EECF0F /* FBSDKShareKit.framework */,
			);
			name = Framework;
			sourceTree = "<group>";
		};
		DBF8D8001CB99E9C00BF706E = {
			isa = PBXGroup;
			children = (
				DBF8D80B1CB99E9D00BF706E /* PressShare */,
				DBA3C5401CE519EA00CD826D /* Framework */,
				DBF8D80A1CB99E9C00BF706E /* Products */,
			);
			sourceTree = "<group>";
		};
		DBF8D80A1CB99E9C00BF706E /* Products */ = {
			isa = PBXGroup;
			children = (
				DBF8D8091CB99E9C00BF706E /* PressShare.app */,
			);
			name = Products;
			sourceTree = "<group>";
		};
		DBF8D80B1CB99E9D00BF706E /* PressShare */ = {
			isa = PBXGroup;
			children = (
				DBEDBD9E1DC284FF00EECF0F /* PressShare.entitlements */,
				DB5EFA3D1CE39B520065ECEB /* Delegate */,
				DB5EFA3C1CE39B010065ECEB /* Controller */,
				DB5EFA3B1CE39AFB0065ECEB /* View */,
				DB5EFA371CE39AC80065ECEB /* Model */,
				DB0FAD7D1E3AC7360042C78E /* Ressources */,
			);
			path = PressShare;
			sourceTree = "<group>";
		};
/* End PBXGroup section */

/* Begin PBXNativeTarget section */
		DBF8D8081CB99E9C00BF706E /* PressShare */ = {
			isa = PBXNativeTarget;
			buildConfigurationList = DBF8D81B1CB99E9D00BF706E /* Build configuration list for PBXNativeTarget "PressShare" */;
			buildPhases = (
				DBF8D8051CB99E9C00BF706E /* Sources */,
				DBF8D8061CB99E9C00BF706E /* Frameworks */,
				DBF8D8071CB99E9C00BF706E /* Resources */,
				DBA3C53F1CE519C300CD826D /* Embed Frameworks */,
			);
			buildRules = (
			);
			dependencies = (
			);
			name = PressShare;
			productName = PressShare;
			productReference = DBF8D8091CB99E9C00BF706E /* PressShare.app */;
			productType = "com.apple.product-type.application";
		};
/* End PBXNativeTarget section */

/* Begin PBXProject section */
		DBF8D8011CB99E9C00BF706E /* Project object */ = {
			isa = PBXProject;
			attributes = {
				LastSwiftUpdateCheck = 0730;
				LastUpgradeCheck = 0800;
				ORGANIZATIONNAME = "Pastouret Roger";
				TargetAttributes = {
					DBF8D8081CB99E9C00BF706E = {
						CreatedOnToolsVersion = 7.3;
						DevelopmentTeam = TNC26WW3G9;
						LastSwiftMigration = 0800;
						ProvisioningStyle = Manual;
						SystemCapabilities = {
							com.apple.Keychain = {
								enabled = 1;
							};
							com.apple.Push = {
								enabled = 1;
							};
						};
					};
				};
			};
			buildConfigurationList = DBF8D8041CB99E9C00BF706E /* Build configuration list for PBXProject "PressShare" */;
			compatibilityVersion = "Xcode 3.2";
			developmentRegion = English;
			hasScannedForEncodings = 0;
			knownRegions = (
				en,
				Base,
			);
			mainGroup = DBF8D8001CB99E9C00BF706E;
			productRefGroup = DBF8D80A1CB99E9C00BF706E /* Products */;
			projectDirPath = "";
			projectRoot = "";
			targets = (
				DBF8D8081CB99E9C00BF706E /* PressShare */,
			);
		};
/* End PBXProject section */

/* Begin PBXResourcesBuildPhase section */
		DBF8D8071CB99E9C00BF706E /* Resources */ = {
			isa = PBXResourcesBuildPhase;
			buildActionMask = 2147483647;
			files = (
				DBF8D8141CB99E9D00BF706E /* Assets.xcassets in Resources */,
				DBF8D8121CB99E9D00BF706E /* Main.storyboard in Resources */,
				DBB4221B1DF8A70D00CB3F5E /* TranslateMessage.plist in Resources */,
			);
			runOnlyForDeploymentPostprocessing = 0;
		};
/* End PBXResourcesBuildPhase section */

/* Begin PBXSourcesBuildPhase section */
		DBF8D8051CB99E9C00BF706E /* Sources */ = {
			isa = PBXSourcesBuildPhase;
			buildActionMask = 2147483647;
			files = (
				DB68C3631CF1486D009C936F /* SettingsTableViewContr.swift in Sources */,
				DB3003EB1E5BC820002D0124 /* MyProfilTableViewContr.swift in Sources */,
				DBA3C5351CE5141900CD826D /* ListProductViewController.swift in Sources */,
				DB9BADB41E44EA6200BE7D76 /* ParamTable.swift in Sources */,
				DB3003EC1E5BC820002D0124 /* NewUserTableViewContr.swift in Sources */,
				DB3003D91E5BC764002D0124 /* TypeCard.swift in Sources */,
				DB3003EA1E5BC820002D0124 /* LoginTableViewController.swift in Sources */,
				DB0B485B1DEF51F500B76652 /* Capital.swift in Sources */,
				DB5EFA361CE0FB870065ECEB /* BlackBox.swift in Sources */,
				DBF8D80D1CB99E9D00BF706E /* AppDelegate.swift in Sources */,
				DB5FFA0A1DECA0B6003BCA55 /* SubscriptViewController.swift in Sources */,
				DBA3C5341CE5141900CD826D /* MapViewController.swift in Sources */,
				DB385C8B1DE5D99D00AD95FF /* Message.swift in Sources */,
				DBCFFAEF1E32E6DD00CF73D8 /* CustomCell.swift in Sources */,
				DB17C6531E2C7303001B451B /* DetailMessageViewContr.swift in Sources */,
				DBF7B3841E1EE71200024DA6 /* Commission.swift in Sources */,
				DB0B485D1DEF522D00B76652 /* Operation.swift in Sources */,
				DB2515981D83226800B286F7 /* User.swift in Sources */,
				DB879CED1DF76BEC00B05D5F /* Transaction.swift in Sources */,
				DB3003E81E5BC820002D0124 /* ListCardViewController.swift in Sources */,
				DB3003ED1E5BC820002D0124 /* ProductTableViewContr.swift in Sources */,
				DBA03CD81CECB31800B76896 /* Product.swift in Sources */,
				DB64B97F1E06880C00013628 /* CommunRequest.swift in Sources */,
				DB3003E71E5BC820002D0124 /* ChangePwdTableViewContr.swift in Sources */,
				DBC585F01E29B9830032A33B /* Config.swift in Sources */,
				DB3003E61E5BC820002D0124 /* CardTableViewController.swift in Sources */,
				DBB4221D1DF8A76600CB3F5E /* TranslateMessage.swift in Sources */,
				DB6BDF2F1DE46F24007EAFA3 /* CreateTransViewController.swift in Sources */,
				DB2515971D83226800B286F7 /* User+CoreDataProperties.swift in Sources */,
				DB2515881D831C6400B286F7 /* Model.xcdatamodeld in Sources */,
				DBF7CE181DF72DBD00966F29 /* DetailTransViewController.swift in Sources */,
				DBF7CE161DF6064600966F29 /* ListTransactTablViewContr.swift in Sources */,
				DBBBDAE41DE8C2D9000B5E9E /* BadgeLabel.swift in Sources */,
				DB3003DB1E5BC7AA002D0124 /* CustomPin.swift in Sources */,
				DB3003D81E5BC764002D0124 /* Card.swift in Sources */,
				DB3003E91E5BC820002D0124 /* ListTypeCBTableViewCrtl.swift in Sources */,
			);
			runOnlyForDeploymentPostprocessing = 0;
		};
/* End PBXSourcesBuildPhase section */

/* Begin PBXVariantGroup section */
		DBF8D8101CB99E9D00BF706E /* Main.storyboard */ = {
			isa = PBXVariantGroup;
			children = (
				DBF8D8111CB99E9D00BF706E /* Base */,
			);
			name = Main.storyboard;
			sourceTree = "<group>";
		};
/* End PBXVariantGroup section */

/* Begin XCBuildConfiguration section */
		DBF8D8191CB99E9D00BF706E /* Debug */ = {
			isa = XCBuildConfiguration;
			buildSettings = {
				ALWAYS_SEARCH_USER_PATHS = NO;
				CLANG_ANALYZER_NONNULL = YES;
				CLANG_CXX_LANGUAGE_STANDARD = "gnu++0x";
				CLANG_CXX_LIBRARY = "libc++";
				CLANG_ENABLE_MODULES = YES;
				CLANG_ENABLE_OBJC_ARC = YES;
				CLANG_WARN_BOOL_CONVERSION = YES;
				CLANG_WARN_CONSTANT_CONVERSION = YES;
				CLANG_WARN_DIRECT_OBJC_ISA_USAGE = YES_ERROR;
				CLANG_WARN_EMPTY_BODY = YES;
				CLANG_WARN_ENUM_CONVERSION = YES;
				CLANG_WARN_INFINITE_RECURSION = YES;
				CLANG_WARN_INT_CONVERSION = YES;
				CLANG_WARN_OBJC_ROOT_CLASS = YES_ERROR;
				CLANG_WARN_SUSPICIOUS_MOVE = YES;
				CLANG_WARN_UNREACHABLE_CODE = YES;
				CLANG_WARN__DUPLICATE_METHOD_MATCH = YES;
				CODE_SIGN_IDENTITY = "Apple Push Services: com.prv.MemeMe2-0";
				"CODE_SIGN_IDENTITY[sdk=iphoneos*]" = "iPhone Distribution";
				COPY_PHASE_STRIP = NO;
				DEBUG_INFORMATION_FORMAT = dwarf;
				ENABLE_STRICT_OBJC_MSGSEND = YES;
				ENABLE_TESTABILITY = YES;
				GCC_C_LANGUAGE_STANDARD = gnu99;
				GCC_DYNAMIC_NO_PIC = NO;
				GCC_NO_COMMON_BLOCKS = YES;
				GCC_OPTIMIZATION_LEVEL = 0;
				GCC_PREPROCESSOR_DEFINITIONS = (
					"DEBUG=1",
					"$(inherited)",
				);
				GCC_WARN_64_TO_32_BIT_CONVERSION = YES;
				GCC_WARN_ABOUT_RETURN_TYPE = YES_ERROR;
				GCC_WARN_UNDECLARED_SELECTOR = YES;
				GCC_WARN_UNINITIALIZED_AUTOS = YES_AGGRESSIVE;
				GCC_WARN_UNUSED_FUNCTION = YES;
				GCC_WARN_UNUSED_VARIABLE = YES;
				IPHONEOS_DEPLOYMENT_TARGET = 9.3;
				MTL_ENABLE_DEBUG_INFO = YES;
				ONLY_ACTIVE_ARCH = YES;
				PROVISIONING_PROFILE = "";
				SDKROOT = iphoneos;
				SWIFT_OPTIMIZATION_LEVEL = "-Onone";
			};
			name = Debug;
		};
		DBF8D81A1CB99E9D00BF706E /* Release */ = {
			isa = XCBuildConfiguration;
			buildSettings = {
				ALWAYS_SEARCH_USER_PATHS = NO;
				CLANG_ANALYZER_NONNULL = YES;
				CLANG_CXX_LANGUAGE_STANDARD = "gnu++0x";
				CLANG_CXX_LIBRARY = "libc++";
				CLANG_ENABLE_MODULES = YES;
				CLANG_ENABLE_OBJC_ARC = YES;
				CLANG_WARN_BOOL_CONVERSION = YES;
				CLANG_WARN_CONSTANT_CONVERSION = YES;
				CLANG_WARN_DIRECT_OBJC_ISA_USAGE = YES_ERROR;
				CLANG_WARN_EMPTY_BODY = YES;
				CLANG_WARN_ENUM_CONVERSION = YES;
				CLANG_WARN_INFINITE_RECURSION = YES;
				CLANG_WARN_INT_CONVERSION = YES;
				CLANG_WARN_OBJC_ROOT_CLASS = YES_ERROR;
				CLANG_WARN_SUSPICIOUS_MOVE = YES;
				CLANG_WARN_UNREACHABLE_CODE = YES;
				CLANG_WARN__DUPLICATE_METHOD_MATCH = YES;
				CODE_SIGN_IDENTITY = "Apple Push Services: com.prv.MemeMe2-0";
				"CODE_SIGN_IDENTITY[sdk=iphoneos*]" = "iPhone Distribution";
				COPY_PHASE_STRIP = NO;
				DEBUG_INFORMATION_FORMAT = "dwarf-with-dsym";
				ENABLE_NS_ASSERTIONS = NO;
				ENABLE_STRICT_OBJC_MSGSEND = YES;
				GCC_C_LANGUAGE_STANDARD = gnu99;
				GCC_NO_COMMON_BLOCKS = YES;
				GCC_WARN_64_TO_32_BIT_CONVERSION = YES;
				GCC_WARN_ABOUT_RETURN_TYPE = YES_ERROR;
				GCC_WARN_UNDECLARED_SELECTOR = YES;
				GCC_WARN_UNINITIALIZED_AUTOS = YES_AGGRESSIVE;
				GCC_WARN_UNUSED_FUNCTION = YES;
				GCC_WARN_UNUSED_VARIABLE = YES;
				IPHONEOS_DEPLOYMENT_TARGET = 9.3;
				MTL_ENABLE_DEBUG_INFO = NO;
				PROVISIONING_PROFILE = "";
				SDKROOT = iphoneos;
				SWIFT_OPTIMIZATION_LEVEL = "-Owholemodule";
				VALIDATE_PRODUCT = YES;
			};
			name = Release;
		};
		DBF8D81C1CB99E9D00BF706E /* Debug */ = {
			isa = XCBuildConfiguration;
			buildSettings = {
				ASSETCATALOG_COMPILER_APPICON_NAME = AppIcon;
				CODE_SIGN_ENTITLEMENTS = PressShare/PressShare.entitlements;
				CODE_SIGN_IDENTITY = "iPhone Developer";
				"CODE_SIGN_IDENTITY[sdk=iphoneos*]" = "iPhone Distribution";
				DEVELOPMENT_TEAM = TNC26WW3G9;
				FRAMEWORK_SEARCH_PATHS = (
					"$(inherited)",
					"$(PROJECT_DIR)/PressShare",
				);
				INFOPLIST_FILE = PressShare/Info.plist;
				IPHONEOS_DEPLOYMENT_TARGET = 9.0;
				LD_RUNPATH_SEARCH_PATHS = "$(inherited) @executable_path/Frameworks";
				PRODUCT_BUNDLE_IDENTIFIER = "com.prv.MemeMe2-0";
				PRODUCT_NAME = "$(TARGET_NAME)";
				PROVISIONING_PROFILE = "f97c8bf5-5b32-4765-8b0d-50f3b296f92e";
				PROVISIONING_PROFILE_SPECIFIER = "Push Notification Application";
				SWIFT_OBJC_BRIDGING_HEADER = "PressShare/Bridging-Header.h";
				SWIFT_VERSION = 3.0;
				TARGETED_DEVICE_FAMILY = 1;
			};
			name = Debug;
		};
		DBF8D81D1CB99E9D00BF706E /* Release */ = {
			isa = XCBuildConfiguration;
			buildSettings = {
				ASSETCATALOG_COMPILER_APPICON_NAME = AppIcon;
				CODE_SIGN_ENTITLEMENTS = PressShare/PressShare.entitlements;
				CODE_SIGN_IDENTITY = "iPhone Developer";
				"CODE_SIGN_IDENTITY[sdk=iphoneos*]" = "iPhone Distribution";
				DEVELOPMENT_TEAM = TNC26WW3G9;
				FRAMEWORK_SEARCH_PATHS = (
					"$(inherited)",
					"$(PROJECT_DIR)/PressShare",
				);
				INFOPLIST_FILE = PressShare/Info.plist;
				IPHONEOS_DEPLOYMENT_TARGET = 9.0;
				LD_RUNPATH_SEARCH_PATHS = "$(inherited) @executable_path/Frameworks";
				PRODUCT_BUNDLE_IDENTIFIER = "com.prv.MemeMe2-0";
				PRODUCT_NAME = "$(TARGET_NAME)";
				PROVISIONING_PROFILE = "f97c8bf5-5b32-4765-8b0d-50f3b296f92e";
				PROVISIONING_PROFILE_SPECIFIER = "Push Notification Application";
				SWIFT_OBJC_BRIDGING_HEADER = "PressShare/Bridging-Header.h";
				SWIFT_VERSION = 3.0;
				TARGETED_DEVICE_FAMILY = 1;
			};
			name = Release;
		};
/* End XCBuildConfiguration section */

/* Begin XCConfigurationList section */
		DBF8D8041CB99E9C00BF706E /* Build configuration list for PBXProject "PressShare" */ = {
			isa = XCConfigurationList;
			buildConfigurations = (
				DBF8D8191CB99E9D00BF706E /* Debug */,
				DBF8D81A1CB99E9D00BF706E /* Release */,
			);
			defaultConfigurationIsVisible = 0;
			defaultConfigurationName = Release;
		};
		DBF8D81B1CB99E9D00BF706E /* Build configuration list for PBXNativeTarget "PressShare" */ = {
			isa = XCConfigurationList;
			buildConfigurations = (
				DBF8D81C1CB99E9D00BF706E /* Debug */,
				DBF8D81D1CB99E9D00BF706E /* Release */,
			);
			defaultConfigurationIsVisible = 0;
			defaultConfigurationName = Release;
		};
/* End XCConfigurationList section */

/* Begin XCVersionGroup section */
		DB2515861D831C6400B286F7 /* Model.xcdatamodeld */ = {
			isa = XCVersionGroup;
			children = (
				DB2515871D831C6400B286F7 /* Model.xcdatamodel */,
			);
			currentVersion = DB2515871D831C6400B286F7 /* Model.xcdatamodel */;
			path = Model.xcdatamodeld;
			sourceTree = "<group>";
			versionGroupType = wrapper.xcdatamodel;
		};
/* End XCVersionGroup section */
	};
	rootObject = DBF8D8011CB99E9C00BF706E /* Project object */;
}
